
Microsoft Visual Studio Solution File, Format Version 12.00
Project("{FAE04EC0-301F-11D3-BF4B-00C04F79EFBC}") = "Framework.Teste.Service", "Framework.Teste.Service\Framework.Teste.Service.csproj", "{EBDA48C2-869F-4737-B12E-B8A31A5C5F8F}"
EndProject
Project("{FAE04EC0-301F-11D3-BF4B-00C04F79EFBC}") = "Framework.Teste.Api", "Framework.Teste.Api\Framework.Teste.Api.csproj", "{8A57E3A8-A019-469C-BDF3-B039EABB1011}"
EndProject
Project("{FAE04EC0-301F-11D3-BF4B-00C04F79EFBC}") = "Framework.Teste.Entities", "Framework.Teste.Entities\Framework.Teste.Entities.csproj", "{FB67493F-CFD4-4A60-B221-1EC7CB6E516B}"
EndProject
Project("{FAE04EC0-301F-11D3-BF4B-00C04F79EFBC}") = "Framework.Teste.Test", "Framework.Teste.Test\Framework.Teste.Test.csproj", "{1D32A911-535C-4883-9586-17480F475B58}"
EndProject
Global
	GlobalSection(SolutionConfigurationPlatforms) = preSolution
		Debug|Any CPU = Debug|Any CPU
		Release|Any CPU = Release|Any CPU
	EndGlobalSection
	GlobalSection(ProjectConfigurationPlatforms) = postSolution
		{EBDA48C2-869F-4737-B12E-B8A31A5C5F8F}.Debug|Any CPU.ActiveCfg = Debug|Any CPU
		{EBDA48C2-869F-4737-B12E-B8A31A5C5F8F}.Debug|Any CPU.Build.0 = Debug|Any CPU
		{EBDA48C2-869F-4737-B12E-B8A31A5C5F8F}.Release|Any CPU.ActiveCfg = Release|Any CPU
		{EBDA48C2-869F-4737-B12E-B8A31A5C5F8F}.Release|Any CPU.Build.0 = Release|Any CPU
		{8A57E3A8-A019-469C-BDF3-B039EABB1011}.Debug|Any CPU.ActiveCfg = Debug|Any CPU
		{8A57E3A8-A019-469C-BDF3-B039EABB1011}.Debug|Any CPU.Build.0 = Debug|Any CPU
		{8A57E3A8-A019-469C-BDF3-B039EABB1011}.Release|Any CPU.ActiveCfg = Release|Any CPU
		{8A57E3A8-A019-469C-BDF3-B039EABB1011}.Release|Any CPU.Build.0 = Release|Any CPU
		{FB67493F-CFD4-4A60-B221-1EC7CB6E516B}.Debug|Any CPU.ActiveCfg = Debug|Any CPU
		{FB67493F-CFD4-4A60-B221-1EC7CB6E516B}.Debug|Any CPU.Build.0 = Debug|Any CPU
		{FB67493F-CFD4-4A60-B221-1EC7CB6E516B}.Release|Any CPU.ActiveCfg = Release|Any CPU
		{FB67493F-CFD4-4A60-B221-1EC7CB6E516B}.Release|Any CPU.Build.0 = Release|Any CPU
		{1D32A911-535C-4883-9586-17480F475B58}.Debug|Any CPU.ActiveCfg = Debug|Any CPU
		{1D32A911-535C-4883-9586-17480F475B58}.Debug|Any CPU.Build.0 = Debug|Any CPU
		{1D32A911-535C-4883-9586-17480F475B58}.Release|Any CPU.ActiveCfg = Release|Any CPU
		{1D32A911-535C-4883-9586-17480F475B58}.Release|Any CPU.Build.0 = Release|Any CPU
	EndGlobalSection
EndGlobal
